
Microsoft Visual Studio Solution File, Format Version 12.00
# Visual Studio Version 17
VisualStudioVersion = 17.7.34031.279
MinimumVisualStudioVersion = 10.0.40219.1
Project("{FAE04EC0-301F-11D3-BF4B-00C04F79EFBC}") = "ort_hesapla", "ort_hesapla\ort_hesapla.csproj", "{8B43F89D-393A-4459-A6C0-715F6CCA3B7B}"
EndProject
Global
	GlobalSection(SolutionConfigurationPlatforms) = preSolution
		Debug|Any CPU = Debug|Any CPU
		Release|Any CPU = Release|Any CPU
	EndGlobalSection
	GlobalSection(ProjectConfigurationPlatforms) = postSolution
		{8B43F89D-393A-4459-A6C0-715F6CCA3B7B}.Debug|Any CPU.ActiveCfg = Debug|Any CPU
		{8B43F89D-393A-4459-A6C0-715F6CCA3B7B}.Debug|Any CPU.Build.0 = Debug|Any CPU
		{8B43F89D-393A-4459-A6C0-715F6CCA3B7B}.Release|Any CPU.ActiveCfg = Release|Any CPU
		{8B43F89D-393A-4459-A6C0-715F6CCA3B7B}.Release|Any CPU.Build.0 = Release|Any CPU
	EndGlobalSection
	GlobalSection(SolutionProperties) = preSolution
		HideSolutionNode = FALSE
	EndGlobalSection
	GlobalSection(ExtensibilityGlobals) = postSolution
		SolutionGuid = {126F9B3E-5530-45A2-AC1F-50D93A35164A}
	EndGlobalSection
EndGlobal
